
Microsoft Visual Studio Solution File, Format Version 12.00
# Visual Studio Version 17
VisualStudioVersion = 17.11.35312.102
MinimumVisualStudioVersion = 10.0.40219.1
Project("{FAE04EC0-301F-11D3-BF4B-00C04F79EFBC}") = "MSFSHelper", "MSFSHelper\MSFSHelper.csproj", "{1BAD665F-5103-4C86-AEE0-EC802AE771CA}"
EndProject
Project("{FAE04EC0-301F-11D3-BF4B-00C04F79EFBC}") = "MSFSHelper.Core", "MSFSHelper.Core\MSFSHelper.Core.csproj", "{21526FA2-CBC1-4210-8F38-06142F221B44}"
EndProject
Global
	GlobalSection(SolutionConfigurationPlatforms) = preSolution
		Debug|Any CPU = Debug|Any CPU
		Release|Any CPU = Release|Any CPU
	EndGlobalSection
	GlobalSection(ProjectConfigurationPlatforms) = postSolution
		{1BAD665F-5103-4C86-AEE0-EC802AE771CA}.Debug|Any CPU.ActiveCfg = Debug|Any CPU
		{1BAD665F-5103-4C86-AEE0-EC802AE771CA}.Debug|Any CPU.Build.0 = Debug|Any CPU
		{1BAD665F-5103-4C86-AEE0-EC802AE771CA}.Release|Any CPU.ActiveCfg = Release|Any CPU
		{1BAD665F-5103-4C86-AEE0-EC802AE771CA}.Release|Any CPU.Build.0 = Release|Any CPU
		{21526FA2-CBC1-4210-8F38-06142F221B44}.Debug|Any CPU.ActiveCfg = Debug|Any CPU
		{21526FA2-CBC1-4210-8F38-06142F221B44}.Debug|Any CPU.Build.0 = Debug|Any CPU
		{21526FA2-CBC1-4210-8F38-06142F221B44}.Release|Any CPU.ActiveCfg = Release|Any CPU
		{21526FA2-CBC1-4210-8F38-06142F221B44}.Release|Any CPU.Build.0 = Release|Any CPU
	EndGlobalSection
	GlobalSection(SolutionProperties) = preSolution
		HideSolutionNode = FALSE
	EndGlobalSection
	GlobalSection(ExtensibilityGlobals) = postSolution
		SolutionGuid = {8B4D53B1-76C7-4150-A840-3C7142EF8097}
	EndGlobalSection
EndGlobal
